{
  "nodes": {
    "nixpkgs": {
      "locked": {
        "lastModified": 1790920529,
        "narHash": "sha256-nQyFkMR78WP6PiXKkDW2SjqzLf/spQqjRuxRGSbcV8k=",
        "owner": "NixOS",
        "repo": "nixpkgs",
        "rev": "774debe7a0d1b496e35677ad955a1011c6ff74f3",
        "type": "github"
      },
      "original": {
        "owner": "NixOS",
        "ref": "nixos-26.05",
        "repo": "nixpkgs",
        "type": "github"
      }
    },
    "root": {
      "inputs": {
        "nixpkgs": "nixpkgs",
        "strata": "strata",
        "strata-config": "strata-config"
      }
    },
    "strata": {
      "flake": false,
      "locked": {
        "lastModified": 1790961960,
        "narHash": "sha256-0so8fFampbUIvWmYQPKr3MzHH0lB6kCtluxWe/erves=",
        "owner": "Niko1221",
        "repo": "Strata",
        "rev": "db4f91a1171d697928b0d2e1f50ef95e25559d4c",
        "type": "github"
      },
      "original": {
        "owner": "Niko1221",
        "ref": "v0.1.37",
        "repo": "Strata",
        "type": "github"
      }
    },
    "strata-config": {
      "flake": false,
      "locked": {
        "path": "./nix/config.json",
        "type": "path"
      },
      "original": {
        "path": "./nix/config.json",
        "type": "path"
      },
      "parent": []
    }
  },
  "root": "root",
  "version": 7
}
